{
  "version": 4,
  "terraform_version": "1.4.6",
  "serial": 21,
  "lineage": "aefe7d32-ad42-b6d9-3f77-1a9931b141e7",
  "outputs": {
    "nat_ip": {
      "value": "3.17.200.146",
      "type": "string"
    },
    "public1_id": {
      "value": "subnet-08151c7f7aaba7804",
      "type": "string"
    },
    "public2_id": {
      "value": "subnet-03170eef7377d3abc",
      "type": "string"
    }
  },
  "resources": [
    {
      "mode": "managed",
      "type": "aws_security_group",
      "name": "company_traffic",
      "provider": "provider[\"registry.terraform.io/hashicorp/aws\"]",
      "instances": [
        {
          "schema_version": 1,
          "attributes": {
            "arn": "arn:aws:ec2:us-east-2:917392261231:security-group/sg-09a5b1b1dfac6c824",
            "description": "Allow jenkins inbound and  outbound  traffic",
            "egress": [
              {
                "cidr_blocks": [
                  "0.0.0.0/0"
                ],
                "description": "",
                "from_port": 0,
                "ipv6_cidr_blocks": [],
                "prefix_list_ids": [],
                "protocol": "-1",
                "security_groups": [],
                "self": false,
                "to_port": 0
              }
            ],
            "id": "sg-09a5b1b1dfac6c824",
            "ingress": [
              {
                "cidr_blocks": [
                  "0.0.0.0/0"
                ],
                "description": "",
                "from_port": 22,
                "ipv6_cidr_blocks": [],
                "prefix_list_ids": [],
                "protocol": "tcp",
                "security_groups": [],
                "self": false,
                "to_port": 22
              },
              {
                "cidr_blocks": [
                  "0.0.0.0/0"
                ],
                "description": "",
                "from_port": 3000,
                "ipv6_cidr_blocks": [],
                "prefix_list_ids": [],
                "protocol": "tcp",
                "security_groups": [],
                "self": false,
                "to_port": 3000
              },
              {
                "cidr_blocks": [
                  "0.0.0.0/0"
                ],
                "description": "",
                "from_port": 443,
                "ipv6_cidr_blocks": [],
                "prefix_list_ids": [],
                "protocol": "tcp",
                "security_groups": [],
                "self": false,
                "to_port": 443
              },
              {
                "cidr_blocks": [
                  "0.0.0.0/0"
                ],
                "description": "",
                "from_port": 8080,
                "ipv6_cidr_blocks": [],
                "prefix_list_ids": [],
                "protocol": "tcp",
                "security_groups": [],
                "self": false,
                "to_port": 8080
              },
              {
                "cidr_blocks": [
                  "0.0.0.0/0"
                ],
                "description": "",
                "from_port": 80,
                "ipv6_cidr_blocks": [],
                "prefix_list_ids": [],
                "protocol": "tcp",
                "security_groups": [],
                "self": false,
                "to_port": 80
              }
            ],
            "name": "company_traffic",
            "name_prefix": "",
            "owner_id": "917392261231",
            "revoke_rules_on_delete": false,
            "tags": {
              "Name": "company_SG"
            },
            "tags_all": {
              "Name": "company_SG"
            },
            "timeouts": null,
            "vpc_id": "vpc-03304d1504d55ff0b"
          },
          "sensitive_attributes": [],
          "private": "eyJlMmJmYjczMC1lY2FhLTExZTYtOGY4OC0zNDM2M2JjN2M0YzAiOnsiY3JlYXRlIjo2MDAwMDAwMDAwMDAsImRlbGV0ZSI6OTAwMDAwMDAwMDAwfSwic2NoZW1hX3ZlcnNpb24iOiIxIn0="
        }
      ]
    },
    {
      "mode": "managed",
      "type": "tls_private_key",
      "name": "pk",
      "provider": "provider[\"registry.terraform.io/hashicorp/tls\"]",
      "instances": [
        {
          "schema_version": 1,
          "attributes": {
            "algorithm": "RSA",
            "ecdsa_curve": "P224",
            "id": "16acdccf273652f3a6bf53e70433c4e6680d44e1",
            "private_key_openssh": "-----BEGIN OPENSSH PRIVATE KEY-----\nb3BlbnNzaC1rZXktdjEAAAAABG5vbmUAAAAEbm9uZQAAAAAAAAABAAACFwAAAAdz\nc2gtcnNhAAAAAwEAAQAAAgEAr/4ZqkDgVXk4uptOQefMXwfehmTkF77aCgCBpIu3\nauXl8j9TiKEmM2jLcmpEMjAHgWRDVskitNRK4tHS3PpMAIflWiRCp+hAYsA+3ido\nHsCSg1ise9aBVcn91I0iQLBX6bgZOWD1KL8pCyPO2+lKcLdSLbRN97cKiWKWmGTr\nQZrtOY2rurwDiqXYR5wivmKneEME+Bkh9ckFxKuIsI252xSsW3vwrnfaW4HmX84V\nxRyl1GNDmECRuYmfi6OSS2Y2q/TFamlKgJcPoWbAw4mmvnz19mRrUgy3y5SrUmgq\nDBnV1cZqcxI5QrNybaOBz2wW/a9OfsE2cfZeQdgFTxtt1hEz/ReEKqvoSFMvGESs\nlwpmsWDqW5UOHhOLxF7byIlwNnfimByd5mDeNAL6YZe3gKdkPmeW9hBLQxEuGv0o\nD1GhKpNtOrURhhLe7VEwL+XkWIGiSIBXUgRB/tUrn7UQmKVrRVYwxvANl6GSFHVi\nO+JioPkRCwEnwtqPHQyZAZdd5yJuOuD1lprxqWCKBbvFQ7LS6SOOK94PXxto/XdQ\nsWMnZLOqdAOEI9BQr4LHrnzAmElByFNs+04nLxolq9HvSSKKlDzLoBZiGheOZvsN\n2mYe5VOJL7GVpNwUk0mwWADMXV8vRk5pBv4mx4FtGIVpQxvGdN+nGIBYF3tg5cF/\nsekAAAc4use/5rrHv+YAAAAHc3NoLXJzYQAAAgEAr/4ZqkDgVXk4uptOQefMXwfe\nhmTkF77aCgCBpIu3auXl8j9TiKEmM2jLcmpEMjAHgWRDVskitNRK4tHS3PpMAIfl\nWiRCp+hAYsA+3idoHsCSg1ise9aBVcn91I0iQLBX6bgZOWD1KL8pCyPO2+lKcLdS\nLbRN97cKiWKWmGTrQZrtOY2rurwDiqXYR5wivmKneEME+Bkh9ckFxKuIsI252xSs\nW3vwrnfaW4HmX84VxRyl1GNDmECRuYmfi6OSS2Y2q/TFamlKgJcPoWbAw4mmvnz1\n9mRrUgy3y5SrUmgqDBnV1cZqcxI5QrNybaOBz2wW/a9OfsE2cfZeQdgFTxtt1hEz\n/ReEKqvoSFMvGESslwpmsWDqW5UOHhOLxF7byIlwNnfimByd5mDeNAL6YZe3gKdk\nPmeW9hBLQxEuGv0oD1GhKpNtOrURhhLe7VEwL+XkWIGiSIBXUgRB/tUrn7UQmKVr\nRVYwxvANl6GSFHViO+JioPkRCwEnwtqPHQyZAZdd5yJuOuD1lprxqWCKBbvFQ7LS\n6SOOK94PXxto/XdQsWMnZLOqdAOEI9BQr4LHrnzAmElByFNs+04nLxolq9HvSSKK\nlDzLoBZiGheOZvsN2mYe5VOJL7GVpNwUk0mwWADMXV8vRk5pBv4mx4FtGIVpQxvG\ndN+nGIBYF3tg5cF/sekAAAADAQABAAACAQCsvkXkxe8sFmMnTt9+cw43zNqPoaH8\n6LjNjnex0e3DwEp2/893UW3Ukiz3bfToKhqD16z9F0m4opOqlPdbLVbCQqFNXEAM\n3TutcjODDLz3Sl/FCpmqp/6k/THnmmwfgLeZ0bj4iAG67/9STuBxHEiT4GyKLetF\nlOWDukBE7vG3oGDu1+7SyE7VnTlv+IJlyyHEOkw7VTfvL1Q5GYF+gm4F6wHOfhXc\nugmbPiKosPjPU/I1SQWFAQPIUJxIjNJAreBF4miPrS+SjjOqYdgdVhRT7wXhxelN\nTOxup8uNhG6ZGBa60RmVPzLzFH3hvdbhiJ/8e0EZy34sV/1mtaloX2zrS5/doGvh\n3X+jlNJEIJgz/JMYmGQiEluTyih27p1Gu+t2+v1592MG7gOzpf8gmKhgq7BjRgS5\nDWfwHrH0I0ML+cdepoPB5fsnfScgYuVi/mOI2nO5PpLimmtpFeAbipdcZWhv+57b\nRwMJJrfqFWVhQh8t/OnOfHYSs7xmSiIgBCY1DFWUN5+gBcgq8JiNQo+/ZrfXDwKY\nVsAubCC67qM8gCuH7youoh6wcu3/2F1cj80jexviKIfmKsSBbzTbgXfW17DNYTdM\naTQoSDOeEgKQqhaj90aAPY0c7XCuzHDdtfedLzPAHLqz+ZFLF5cbRPnLXUNzY7zX\n6DKWEAjPDzSgTQAAAQA/C2U5jqUNDMZtEb1uSxDCzVns+k96qFB2BTAuxBFsZF3Q\n6QNSWLK0fP3AUH31dmCzgK8ii8ZZGYs+D4uv0UIt2gft3EXwb5/+YV2ZT9Kjzfk5\nDiWFlxZfYr2Tu5lnm9DqAk+X6/snlhxBuL94qfaBKUioOjM4fvq5xXCJtSSR8gXK\n1uMZXOB9RulMV3QyfgCxsK8LxFrPaTKGQA4ZhAkxzkpH0y1bY6MQmaxLDb17DhvQ\nybzRCkLjx8ukejDPqM3EibuWoObMf8sa0WvXvuEZ+0JL7+r9/BwW7wvSSOXkCjoa\n4hBO0JV30iyCiX5G27xYpyFeT898+qeN64ULR5fgAAABAQDTHFmMQHG/PNjuqxyG\ntyVqhPHlmg/62deoiyQxUoG2lR4niGoSr4V0B7YDqJSEoWpGxzBYWhGSjK+QUa/K\nYVvK36/F6p09iuYBpcEVBUseU+4PwkLvVZ5R6KMlbKV0bD/HaQVW193//4hJcyHn\n0ZMLw2lQwEE7ymyMIqgr2OAZGQbce5stjLeij/CF4kGLwCR1f+R4o49u/XrkCZI+\nQpkOIi21ddSzn7UDzrGWpFAuENZYWO93Isj0aRlorpH6JexqCDoeQRUHGUQ955G9\nxnDrvJI/W2sif3LHpz3aE5suSZTL1mkXSh1plQ65cNI70azY7xu2iV2PArk4trjg\nK8iHAAABAQDVah7TMOW76KZo4cGmwYjlABaZP/HsL80khoh8klM1JRTTbLu0GgrR\nIwnWCAkc1y3051HS276fyFYSGkV5Zw+c0lgEWCuaCpPCzC31SFsHPJdT2qqUALjk\nlZag0k0YLVfdgg0rPmC89nS1EdjiBhCmYvsSF4oA8ij7kQyrEjT17sh9FF1/jiNS\nyHdbkx3PKKwrbDv6Rr819q2Fw3q22QBz1rpY2ZaXZ9fV8Rjb/OOoSjkloXd9BTbf\nbsj8fiNdbiu+rt1D4TOxLNIPZLzSVbdbh0yk36UYcYfyZP/WO7d5a7d81Jc4Epex\nk3E/RWvgBfUp+huqgpSUHJ8AzUF1f/4PAAAAAAEC\n-----END OPENSSH PRIVATE KEY-----\n",
            "private_key_pem": "-----BEGIN RSA PRIVATE KEY-----\nMIIJKQIBAAKCAgEAr/4ZqkDgVXk4uptOQefMXwfehmTkF77aCgCBpIu3auXl8j9T\niKEmM2jLcmpEMjAHgWRDVskitNRK4tHS3PpMAIflWiRCp+hAYsA+3idoHsCSg1is\ne9aBVcn91I0iQLBX6bgZOWD1KL8pCyPO2+lKcLdSLbRN97cKiWKWmGTrQZrtOY2r\nurwDiqXYR5wivmKneEME+Bkh9ckFxKuIsI252xSsW3vwrnfaW4HmX84VxRyl1GND\nmECRuYmfi6OSS2Y2q/TFamlKgJcPoWbAw4mmvnz19mRrUgy3y5SrUmgqDBnV1cZq\ncxI5QrNybaOBz2wW/a9OfsE2cfZeQdgFTxtt1hEz/ReEKqvoSFMvGESslwpmsWDq\nW5UOHhOLxF7byIlwNnfimByd5mDeNAL6YZe3gKdkPmeW9hBLQxEuGv0oD1GhKpNt\nOrURhhLe7VEwL+XkWIGiSIBXUgRB/tUrn7UQmKVrRVYwxvANl6GSFHViO+JioPkR\nCwEnwtqPHQyZAZdd5yJuOuD1lprxqWCKBbvFQ7LS6SOOK94PXxto/XdQsWMnZLOq\ndAOEI9BQr4LHrnzAmElByFNs+04nLxolq9HvSSKKlDzLoBZiGheOZvsN2mYe5VOJ\nL7GVpNwUk0mwWADMXV8vRk5pBv4mx4FtGIVpQxvGdN+nGIBYF3tg5cF/sekCAwEA\nAQKCAgEArL5F5MXvLBZjJ07ffnMON8zaj6Gh/Oi4zY53sdHtw8BKdv/Pd1Ft1JIs\n92306Coag9es/RdJuKKTqpT3Wy1WwkKhTVxADN07rXIzgwy890pfxQqZqqf+pP0x\n55psH4C3mdG4+IgBuu//Uk7gcRxIk+Bsii3rRZTlg7pARO7xt6Bg7tfu0shO1Z05\nb/iCZcshxDpMO1U37y9UORmBfoJuBesBzn4V3LoJmz4iqLD4z1PyNUkFhQEDyFCc\nSIzSQK3gReJoj60vko4zqmHYHVYUU+8F4cXpTUzsbqfLjYRumRgWutEZlT8y8xR9\n4b3W4Yif/HtBGct+LFf9ZrWpaF9s60uf3aBr4d1/o5TSRCCYM/yTGJhkIhJbk8oo\ndu6dRrvrdvr9efdjBu4Ds6X/IJioYKuwY0YEuQ1n8B6x9CNDC/nHXqaDweX7J30n\nIGLlYv5jiNpzuT6S4ppraRXgG4qXXGVob/ue20cDCSa36hVlYUIfLfzpznx2ErO8\nZkoiIAQmNQxVlDefoAXIKvCYjUKPv2a31w8CmFbALmwguu6jPIArh+8qLqIesHLt\n/9hdXI/NI3sb4iiH5irEgW8024F31tewzWE3TGk0KEgznhICkKoWo/dGgD2NHO1w\nrsxw3bX3nS8zwBy6s/mRSxeXG0T5y11Dc2O81+gylhAIzw80oE0CggEBANMcWYxA\ncb882O6rHIa3JWqE8eWaD/rZ16iLJDFSgbaVHieIahKvhXQHtgOolIShakbHMFha\nEZKMr5BRr8phW8rfr8XqnT2K5gGlwRUFSx5T7g/CQu9VnlHooyVspXRsP8dpBVbX\n3f//iElzIefRkwvDaVDAQTvKbIwiqCvY4BkZBtx7my2Mt6KP8IXiQYvAJHV/5Hij\nj279euQJkj5CmQ4iLbV11LOftQPOsZakUC4Q1lhY73ciyPRpGWiukfol7GoIOh5B\nFQcZRD3nkb3GcOu8kj9bayJ/csenPdoTmy5JlMvWaRdKHWmVDrlw0jvRrNjvG7aJ\nXY8CuTi2uOAryIcCggEBANVqHtMw5bvopmjhwabBiOUAFpk/8ewvzSSGiHySUzUl\nFNNsu7QaCtEjCdYICRzXLfTnUdLbvp/IVhIaRXlnD5zSWARYK5oKk8LMLfVIWwc8\nl1PaqpQAuOSVlqDSTRgtV92CDSs+YLz2dLUR2OIGEKZi+xIXigDyKPuRDKsSNPXu\nyH0UXX+OI1LId1uTHc8orCtsO/pGvzX2rYXDerbZAHPWuljZlpdn19XxGNv846hK\nOSWhd30FNt9uyPx+I11uK76u3UPhM7Es0g9kvNJVt1uHTKTfpRhxh/Jk/9Y7t3lr\nt3zUlzgSl7GTcT9Fa+AF9Sn6G6qClJQcnwDNQXV//g8CggEACyHzlvHPDcanqe5c\nEr6VuohIOVNmhFP4i2rK/c7cCETU0kDfVxzqbLP7ZTX+nv/kGtdmNUKKqq/Aklu8\naW+453nkSwuUPyqT9oJHLFSbIX5Lj4ku/nAFaUxbTh3sm7cZpepj3bCEhHt1NGpd\n31ut5XDonNmGlyCVmM47EBTfvHMVaYsbI8vH40qz5FuKGVSIl6mm4rW9Wp0DXgMj\nMyVP7O7gejE8hjxlz02XD9qaX9ODeiU2e5HaBwmDzYFnMUnOrcjBR9cmxLkQYDNV\n/Cv6yHOpQq4PeEJAS0cGe/mMtWQr9JPZ9uBxrJ+vpxfL/luQQeBaFcYoqOH74oHA\nPhIRAQKCAQEAqlAXK3lRTYWcEAViMr8ujXpljoV+fnujXivTDn8D0ly2YwfaQB+s\nVDx/JASjqRV8Qn68SOc/GGqbbbTzjrAVwJQI0+a9XSBlzUZ+wsmsg3jyV2QhTx3I\nb/uFCvDpv4qoHUklU0Zjk0mn17zXdYFblj1VmpmYc6rN0/1su7U6+K1H6LHw79Oy\nEuWSg01Ds8gEpl6o+tGs1Nb4odBfxT4mY0uQyUlUKZ4gnEbdDOqjj/Ez6/kQz3/y\ny5qw4PeVJ4G9fV41jG9TfmiDdu9w1Pa87llqbAVizsADuwipNwHPKSIye3d4+rGz\nx24gKVswfMakYYyMuaWeBxlUNyKWw7uSNwKCAQA/C2U5jqUNDMZtEb1uSxDCzVns\n+k96qFB2BTAuxBFsZF3Q6QNSWLK0fP3AUH31dmCzgK8ii8ZZGYs+D4uv0UIt2gft\n3EXwb5/+YV2ZT9Kjzfk5DiWFlxZfYr2Tu5lnm9DqAk+X6/snlhxBuL94qfaBKUio\nOjM4fvq5xXCJtSSR8gXK1uMZXOB9RulMV3QyfgCxsK8LxFrPaTKGQA4ZhAkxzkpH\n0y1bY6MQmaxLDb17DhvQybzRCkLjx8ukejDPqM3EibuWoObMf8sa0WvXvuEZ+0JL\n7+r9/BwW7wvSSOXkCjoa4hBO0JV30iyCiX5G27xYpyFeT898+qeN64ULR5fg\n-----END RSA PRIVATE KEY-----\n",
            "private_key_pem_pkcs8": "-----BEGIN PRIVATE KEY-----\nMIIJQwIBADANBgkqhkiG9w0BAQEFAASCCS0wggkpAgEAAoICAQCv/hmqQOBVeTi6\nm05B58xfB96GZOQXvtoKAIGki7dq5eXyP1OIoSYzaMtyakQyMAeBZENWySK01Eri\n0dLc+kwAh+VaJEKn6EBiwD7eJ2gewJKDWKx71oFVyf3UjSJAsFfpuBk5YPUovykL\nI87b6Upwt1IttE33twqJYpaYZOtBmu05jau6vAOKpdhHnCK+Yqd4QwT4GSH1yQXE\nq4iwjbnbFKxbe/Cud9pbgeZfzhXFHKXUY0OYQJG5iZ+Lo5JLZjar9MVqaUqAlw+h\nZsDDiaa+fPX2ZGtSDLfLlKtSaCoMGdXVxmpzEjlCs3Jto4HPbBb9r05+wTZx9l5B\n2AVPG23WETP9F4Qqq+hIUy8YRKyXCmaxYOpblQ4eE4vEXtvIiXA2d+KYHJ3mYN40\nAvphl7eAp2Q+Z5b2EEtDES4a/SgPUaEqk206tRGGEt7tUTAv5eRYgaJIgFdSBEH+\n1SuftRCYpWtFVjDG8A2XoZIUdWI74mKg+RELASfC2o8dDJkBl13nIm464PWWmvGp\nYIoFu8VDstLpI44r3g9fG2j9d1CxYydks6p0A4Qj0FCvgseufMCYSUHIU2z7Ticv\nGiWr0e9JIoqUPMugFmIaF45m+w3aZh7lU4kvsZWk3BSTSbBYAMxdXy9GTmkG/ibH\ngW0YhWlDG8Z036cYgFgXe2DlwX+x6QIDAQABAoICAQCsvkXkxe8sFmMnTt9+cw43\nzNqPoaH86LjNjnex0e3DwEp2/893UW3Ukiz3bfToKhqD16z9F0m4opOqlPdbLVbC\nQqFNXEAM3TutcjODDLz3Sl/FCpmqp/6k/THnmmwfgLeZ0bj4iAG67/9STuBxHEiT\n4GyKLetFlOWDukBE7vG3oGDu1+7SyE7VnTlv+IJlyyHEOkw7VTfvL1Q5GYF+gm4F\n6wHOfhXcugmbPiKosPjPU/I1SQWFAQPIUJxIjNJAreBF4miPrS+SjjOqYdgdVhRT\n7wXhxelNTOxup8uNhG6ZGBa60RmVPzLzFH3hvdbhiJ/8e0EZy34sV/1mtaloX2zr\nS5/doGvh3X+jlNJEIJgz/JMYmGQiEluTyih27p1Gu+t2+v1592MG7gOzpf8gmKhg\nq7BjRgS5DWfwHrH0I0ML+cdepoPB5fsnfScgYuVi/mOI2nO5PpLimmtpFeAbipdc\nZWhv+57bRwMJJrfqFWVhQh8t/OnOfHYSs7xmSiIgBCY1DFWUN5+gBcgq8JiNQo+/\nZrfXDwKYVsAubCC67qM8gCuH7youoh6wcu3/2F1cj80jexviKIfmKsSBbzTbgXfW\n17DNYTdMaTQoSDOeEgKQqhaj90aAPY0c7XCuzHDdtfedLzPAHLqz+ZFLF5cbRPnL\nXUNzY7zX6DKWEAjPDzSgTQKCAQEA0xxZjEBxvzzY7qschrclaoTx5ZoP+tnXqIsk\nMVKBtpUeJ4hqEq+FdAe2A6iUhKFqRscwWFoRkoyvkFGvymFbyt+vxeqdPYrmAaXB\nFQVLHlPuD8JC71WeUeijJWyldGw/x2kFVtfd//+ISXMh59GTC8NpUMBBO8psjCKo\nK9jgGRkG3HubLYy3oo/wheJBi8AkdX/keKOPbv165AmSPkKZDiIttXXUs5+1A86x\nlqRQLhDWWFjvdyLI9GkZaK6R+iXsagg6HkEVBxlEPeeRvcZw67ySP1trIn9yx6c9\n2hObLkmUy9ZpF0odaZUOuXDSO9Gs2O8btoldjwK5OLa44CvIhwKCAQEA1Woe0zDl\nu+imaOHBpsGI5QAWmT/x7C/NJIaIfJJTNSUU02y7tBoK0SMJ1ggJHNct9OdR0tu+\nn8hWEhpFeWcPnNJYBFgrmgqTwswt9UhbBzyXU9qqlAC45JWWoNJNGC1X3YINKz5g\nvPZ0tRHY4gYQpmL7EheKAPIo+5EMqxI09e7IfRRdf44jUsh3W5MdzyisK2w7+ka/\nNfathcN6ttkAc9a6WNmWl2fX1fEY2/zjqEo5JaF3fQU2327I/H4jXW4rvq7dQ+Ez\nsSzSD2S80lW3W4dMpN+lGHGH8mT/1ju3eWu3fNSXOBKXsZNxP0Vr4AX1KfobqoKU\nlByfAM1BdX/+DwKCAQALIfOW8c8Nxqep7lwSvpW6iEg5U2aEU/iLasr9ztwIRNTS\nQN9XHOpss/tlNf6e/+Qa12Y1Qoqqr8CSW7xpb7jneeRLC5Q/KpP2gkcsVJshfkuP\niS7+cAVpTFtOHeybtxml6mPdsISEe3U0al3fW63lcOic2YaXIJWYzjsQFN+8cxVp\nixsjy8fjSrPkW4oZVIiXqabitb1anQNeAyMzJU/s7uB6MTyGPGXPTZcP2ppf04N6\nJTZ7kdoHCYPNgWcxSc6tyMFH1ybEuRBgM1X8K/rIc6lCrg94QkBLRwZ7+Yy1ZCv0\nk9n24HGsn6+nF8v+W5BB4FoVxiio4fvigcA+EhEBAoIBAQCqUBcreVFNhZwQBWIy\nvy6NemWOhX5+e6NeK9MOfwPSXLZjB9pAH6xUPH8kBKOpFXxCfrxI5z8YaptttPOO\nsBXAlAjT5r1dIGXNRn7CyayDePJXZCFPHchv+4UK8Om/iqgdSSVTRmOTSafXvNd1\ngVuWPVWamZhzqs3T/Wy7tTr4rUfosfDv07IS5ZKDTUOzyASmXqj60azU1vih0F/F\nPiZjS5DJSVQpniCcRt0M6qOP8TPr+RDPf/LLmrDg95Ungb19XjWMb1N+aIN273DU\n9rzuWWpsBWLOwAO7CKk3Ac8pIjJ7d3j6sbPHbiApWzB8xqRhjIy5pZ4HGVQ3IpbD\nu5I3AoIBAD8LZTmOpQ0Mxm0RvW5LEMLNWez6T3qoUHYFMC7EEWxkXdDpA1JYsrR8\n/cBQffV2YLOAryKLxlkZiz4Pi6/RQi3aB+3cRfBvn/5hXZlP0qPN+TkOJYWXFl9i\nvZO7mWeb0OoCT5fr+yeWHEG4v3ip9oEpSKg6Mzh++rnFcIm1JJHyBcrW4xlc4H1G\n6UxXdDJ+ALGwrwvEWs9pMoZADhmECTHOSkfTLVtjoxCZrEsNvXsOG9DJvNEKQuPH\ny6R6MM+ozcSJu5ag5sx/yxrRa9e+4Rn7Qkvv6v38HBbvC9JI5eQKOhriEE7QlXfS\nLIKJfkbbvFinIV5Pz3z6p43rhQtHl+A=\n-----END PRIVATE KEY-----\n",
            "public_key_fingerprint_md5": "c4:88:39:25:74:c2:77:3f:4b:30:fc:1c:f5:0b:b7:6a",
            "public_key_fingerprint_sha256": "SHA256:nUhXVugtmfPkAVPW5VUE6mp1pLBTsrhZVF3Mvv62A68",
            "public_key_openssh": "ssh-rsa AAAAB3NzaC1yc2EAAAADAQABAAACAQCv/hmqQOBVeTi6m05B58xfB96GZOQXvtoKAIGki7dq5eXyP1OIoSYzaMtyakQyMAeBZENWySK01Eri0dLc+kwAh+VaJEKn6EBiwD7eJ2gewJKDWKx71oFVyf3UjSJAsFfpuBk5YPUovykLI87b6Upwt1IttE33twqJYpaYZOtBmu05jau6vAOKpdhHnCK+Yqd4QwT4GSH1yQXEq4iwjbnbFKxbe/Cud9pbgeZfzhXFHKXUY0OYQJG5iZ+Lo5JLZjar9MVqaUqAlw+hZsDDiaa+fPX2ZGtSDLfLlKtSaCoMGdXVxmpzEjlCs3Jto4HPbBb9r05+wTZx9l5B2AVPG23WETP9F4Qqq+hIUy8YRKyXCmaxYOpblQ4eE4vEXtvIiXA2d+KYHJ3mYN40Avphl7eAp2Q+Z5b2EEtDES4a/SgPUaEqk206tRGGEt7tUTAv5eRYgaJIgFdSBEH+1SuftRCYpWtFVjDG8A2XoZIUdWI74mKg+RELASfC2o8dDJkBl13nIm464PWWmvGpYIoFu8VDstLpI44r3g9fG2j9d1CxYydks6p0A4Qj0FCvgseufMCYSUHIU2z7TicvGiWr0e9JIoqUPMugFmIaF45m+w3aZh7lU4kvsZWk3BSTSbBYAMxdXy9GTmkG/ibHgW0YhWlDG8Z036cYgFgXe2DlwX+x6Q==\n",
            "public_key_pem": "-----BEGIN PUBLIC KEY-----\nMIICIjANBgkqhkiG9w0BAQEFAAOCAg8AMIICCgKCAgEAr/4ZqkDgVXk4uptOQefM\nXwfehmTkF77aCgCBpIu3auXl8j9TiKEmM2jLcmpEMjAHgWRDVskitNRK4tHS3PpM\nAIflWiRCp+hAYsA+3idoHsCSg1ise9aBVcn91I0iQLBX6bgZOWD1KL8pCyPO2+lK\ncLdSLbRN97cKiWKWmGTrQZrtOY2rurwDiqXYR5wivmKneEME+Bkh9ckFxKuIsI25\n2xSsW3vwrnfaW4HmX84VxRyl1GNDmECRuYmfi6OSS2Y2q/TFamlKgJcPoWbAw4mm\nvnz19mRrUgy3y5SrUmgqDBnV1cZqcxI5QrNybaOBz2wW/a9OfsE2cfZeQdgFTxtt\n1hEz/ReEKqvoSFMvGESslwpmsWDqW5UOHhOLxF7byIlwNnfimByd5mDeNAL6YZe3\ngKdkPmeW9hBLQxEuGv0oD1GhKpNtOrURhhLe7VEwL+XkWIGiSIBXUgRB/tUrn7UQ\nmKVrRVYwxvANl6GSFHViO+JioPkRCwEnwtqPHQyZAZdd5yJuOuD1lprxqWCKBbvF\nQ7LS6SOOK94PXxto/XdQsWMnZLOqdAOEI9BQr4LHrnzAmElByFNs+04nLxolq9Hv\nSSKKlDzLoBZiGheOZvsN2mYe5VOJL7GVpNwUk0mwWADMXV8vRk5pBv4mx4FtGIVp\nQxvGdN+nGIBYF3tg5cF/sekCAwEAAQ==\n-----END PUBLIC KEY-----\n",
            "rsa_bits": 4096
          },
          "sensitive_attributes": []
        }
      ]
    },
    {
      "module": "module.company",
      "mode": "managed",
      "type": "aws_eip",
      "name": "company",
      "provider": "provider[\"registry.terraform.io/hashicorp/aws\"]",
      "instances": [
        {
          "schema_version": 0,
          "attributes": {
            "address": null,
            "allocation_id": "eipalloc-09141dd041962adb8",
            "associate_with_private_ip": null,
            "association_id": "",
            "carrier_ip": "",
            "customer_owned_ip": "",
            "customer_owned_ipv4_pool": "",
            "domain": "vpc",
            "id": "eipalloc-09141dd041962adb8",
            "instance": "",
            "network_border_group": "us-east-2",
            "network_interface": "",
            "private_dns": null,
            "private_ip": "",
            "public_dns": "ec2-3-17-200-146.us-east-2.compute.amazonaws.com",
            "public_ip": "3.17.200.146",
            "public_ipv4_pool": "amazon",
            "tags": {
              "Name": "company"
            },
            "tags_all": {
              "Name": "company"
            },
            "timeouts": null,
            "vpc": true
          },
          "sensitive_attributes": [],
          "private": "eyJlMmJmYjczMC1lY2FhLTExZTYtOGY4OC0zNDM2M2JjN2M0YzAiOnsiZGVsZXRlIjoxODAwMDAwMDAwMDAsInJlYWQiOjkwMDAwMDAwMDAwMCwidXBkYXRlIjozMDAwMDAwMDAwMDB9fQ=="
        }
      ]
    },
    {
      "module": "module.company",
      "mode": "managed",
      "type": "aws_internet_gateway",
      "name": "company",
      "provider": "provider[\"registry.terraform.io/hashicorp/aws\"]",
      "instances": [
        {
          "schema_version": 0,
          "attributes": {
            "arn": "arn:aws:ec2:us-east-2:917392261231:internet-gateway/igw-0eec2e1ed564520b6",
            "id": "igw-0eec2e1ed564520b6",
            "owner_id": "917392261231",
            "tags": {
              "Name": "company"
            },
            "tags_all": {
              "Name": "company"
            },
            "timeouts": null,
            "vpc_id": "vpc-0048314e541dd99fc"
          },
          "sensitive_attributes": [],
          "private": "eyJlMmJmYjczMC1lY2FhLTExZTYtOGY4OC0zNDM2M2JjN2M0YzAiOnsiY3JlYXRlIjoxMjAwMDAwMDAwMDAwLCJkZWxldGUiOjEyMDAwMDAwMDAwMDAsInVwZGF0ZSI6MTIwMDAwMDAwMDAwMH19",
          "dependencies": [
            "module.company.aws_vpc.company"
          ]
        }
      ]
    },
    {
      "module": "module.company",
      "mode": "managed",
      "type": "aws_nat_gateway",
      "name": "company",
      "provider": "provider[\"registry.terraform.io/hashicorp/aws\"]",
      "instances": [
        {
          "schema_version": 0,
          "attributes": {
            "allocation_id": "eipalloc-09141dd041962adb8",
            "association_id": "eipassoc-0aa72c4dc0f54a70f",
            "connectivity_type": "public",
            "id": "nat-09de9ba3e3f47523f",
            "network_interface_id": "eni-0886233e265943fdf",
            "private_ip": "10.0.1.159",
            "public_ip": "3.17.200.146",
            "subnet_id": "subnet-08151c7f7aaba7804",
            "tags": null,
            "tags_all": {}
          },
          "sensitive_attributes": [],
          "private": "bnVsbA==",
          "dependencies": [
            "module.company.aws_eip.company",
            "module.company.aws_subnet.public1",
            "module.company.aws_vpc.company"
          ]
        }
      ]
    },
    {
      "module": "module.company",
      "mode": "managed",
      "type": "aws_route",
      "name": "private",
      "provider": "provider[\"registry.terraform.io/hashicorp/aws\"]",
      "instances": [
        {
          "schema_version": 0,
          "attributes": {
            "carrier_gateway_id": "",
            "core_network_arn": "",
            "destination_cidr_block": "0.0.0.0/0",
            "destination_ipv6_cidr_block": "",
            "destination_prefix_list_id": "",
            "egress_only_gateway_id": "",
            "gateway_id": "",
            "id": "r-rtb-07eead5d40f8be32e1080289494",
            "instance_id": "",
            "instance_owner_id": "",
            "local_gateway_id": "",
            "nat_gateway_id": "nat-09de9ba3e3f47523f",
            "network_interface_id": "",
            "origin": "CreateRoute",
            "route_table_id": "rtb-07eead5d40f8be32e",
            "state": "active",
            "timeouts": null,
            "transit_gateway_id": "",
            "vpc_endpoint_id": "",
            "vpc_peering_connection_id": ""
          },
          "sensitive_attributes": [],
          "private": "eyJlMmJmYjczMC1lY2FhLTExZTYtOGY4OC0zNDM2M2JjN2M0YzAiOnsiY3JlYXRlIjozMDAwMDAwMDAwMDAsImRlbGV0ZSI6MzAwMDAwMDAwMDAwLCJ1cGRhdGUiOjEyMDAwMDAwMDAwMH19",
          "dependencies": [
            "module.company.aws_eip.company",
            "module.company.aws_nat_gateway.company",
            "module.company.aws_route_table.private",
            "module.company.aws_subnet.public1",
            "module.company.aws_vpc.company"
          ]
        }
      ]
    },
    {
      "module": "module.company",
      "mode": "managed",
      "type": "aws_route",
      "name": "public",
      "provider": "provider[\"registry.terraform.io/hashicorp/aws\"]",
      "instances": [
        {
          "schema_version": 0,
          "attributes": {
            "carrier_gateway_id": "",
            "core_network_arn": "",
            "destination_cidr_block": "0.0.0.0/0",
            "destination_ipv6_cidr_block": "",
            "destination_prefix_list_id": "",
            "egress_only_gateway_id": "",
            "gateway_id": "igw-0eec2e1ed564520b6",
            "id": "r-rtb-02ed299e70ceb09ab1080289494",
            "instance_id": "",
            "instance_owner_id": "",
            "local_gateway_id": "",
            "nat_gateway_id": "",
            "network_interface_id": "",
            "origin": "CreateRoute",
            "route_table_id": "rtb-02ed299e70ceb09ab",
            "state": "active",
            "timeouts": null,
            "transit_gateway_id": "",
            "vpc_endpoint_id": "",
            "vpc_peering_connection_id": ""
          },
          "sensitive_attributes": [],
          "private": "eyJlMmJmYjczMC1lY2FhLTExZTYtOGY4OC0zNDM2M2JjN2M0YzAiOnsiY3JlYXRlIjozMDAwMDAwMDAwMDAsImRlbGV0ZSI6MzAwMDAwMDAwMDAwLCJ1cGRhdGUiOjEyMDAwMDAwMDAwMH19",
          "dependencies": [
            "module.company.aws_internet_gateway.company",
            "module.company.aws_route_table.public",
            "module.company.aws_vpc.company"
          ]
        }
      ]
    },
    {
      "module": "module.company",
      "mode": "managed",
      "type": "aws_route_table",
      "name": "private",
      "provider": "provider[\"registry.terraform.io/hashicorp/aws\"]",
      "instances": [
        {
          "schema_version": 0,
          "attributes": {
            "arn": "arn:aws:ec2:us-east-2:917392261231:route-table/rtb-07eead5d40f8be32e",
            "id": "rtb-07eead5d40f8be32e",
            "owner_id": "917392261231",
            "propagating_vgws": [],
            "route": [],
            "tags": {
              "Name": "private"
            },
            "tags_all": {
              "Name": "private"
            },
            "timeouts": null,
            "vpc_id": "vpc-0048314e541dd99fc"
          },
          "sensitive_attributes": [],
          "private": "eyJlMmJmYjczMC1lY2FhLTExZTYtOGY4OC0zNDM2M2JjN2M0YzAiOnsiY3JlYXRlIjozMDAwMDAwMDAwMDAsImRlbGV0ZSI6MzAwMDAwMDAwMDAwLCJ1cGRhdGUiOjEyMDAwMDAwMDAwMH19",
          "dependencies": [
            "module.company.aws_vpc.company"
          ]
        }
      ]
    },
    {
      "module": "module.company",
      "mode": "managed",
      "type": "aws_route_table",
      "name": "public",
      "provider": "provider[\"registry.terraform.io/hashicorp/aws\"]",
      "instances": [
        {
          "schema_version": 0,
          "attributes": {
            "arn": "arn:aws:ec2:us-east-2:917392261231:route-table/rtb-02ed299e70ceb09ab",
            "id": "rtb-02ed299e70ceb09ab",
            "owner_id": "917392261231",
            "propagating_vgws": [],
            "route": [],
            "tags": {
              "Name": "public"
            },
            "tags_all": {
              "Name": "public"
            },
            "timeouts": null,
            "vpc_id": "vpc-0048314e541dd99fc"
          },
          "sensitive_attributes": [],
          "private": "eyJlMmJmYjczMC1lY2FhLTExZTYtOGY4OC0zNDM2M2JjN2M0YzAiOnsiY3JlYXRlIjozMDAwMDAwMDAwMDAsImRlbGV0ZSI6MzAwMDAwMDAwMDAwLCJ1cGRhdGUiOjEyMDAwMDAwMDAwMH19",
          "dependencies": [
            "module.company.aws_vpc.company"
          ]
        }
      ]
    },
    {
      "module": "module.company",
      "mode": "managed",
      "type": "aws_route_table_association",
      "name": "private2",
      "provider": "provider[\"registry.terraform.io/hashicorp/aws\"]",
      "instances": [
        {
          "schema_version": 0,
          "attributes": {
            "gateway_id": "",
            "id": "rtbassoc-09e28ed95e3f3fa76",
            "route_table_id": "rtb-07eead5d40f8be32e",
            "subnet_id": "subnet-01125b0f4310b0f4e",
            "timeouts": null
          },
          "sensitive_attributes": [],
          "private": "eyJlMmJmYjczMC1lY2FhLTExZTYtOGY4OC0zNDM2M2JjN2M0YzAiOnsiY3JlYXRlIjozMDAwMDAwMDAwMDAsImRlbGV0ZSI6MzAwMDAwMDAwMDAwLCJ1cGRhdGUiOjEyMDAwMDAwMDAwMH19",
          "dependencies": [
            "module.company.aws_route_table.private",
            "module.company.aws_subnet.private2",
            "module.company.aws_vpc.company"
          ]
        }
      ]
    },
    {
      "module": "module.company",
      "mode": "managed",
      "type": "aws_route_table_association",
      "name": "public1",
      "provider": "provider[\"registry.terraform.io/hashicorp/aws\"]",
      "instances": [
        {
          "schema_version": 0,
          "attributes": {
            "gateway_id": "",
            "id": "rtbassoc-08e528e2cb751fb7a",
            "route_table_id": "rtb-02ed299e70ceb09ab",
            "subnet_id": "subnet-08151c7f7aaba7804",
            "timeouts": null
          },
          "sensitive_attributes": [],
          "private": "eyJlMmJmYjczMC1lY2FhLTExZTYtOGY4OC0zNDM2M2JjN2M0YzAiOnsiY3JlYXRlIjozMDAwMDAwMDAwMDAsImRlbGV0ZSI6MzAwMDAwMDAwMDAwLCJ1cGRhdGUiOjEyMDAwMDAwMDAwMH19",
          "dependencies": [
            "module.company.aws_route_table.public",
            "module.company.aws_subnet.public1",
            "module.company.aws_vpc.company"
          ]
        }
      ]
    },
    {
      "module": "module.company",
      "mode": "managed",
      "type": "aws_route_table_association",
      "name": "public2",
      "provider": "provider[\"registry.terraform.io/hashicorp/aws\"]",
      "instances": [
        {
          "schema_version": 0,
          "attributes": {
            "gateway_id": "",
            "id": "rtbassoc-03487654ad00305dd",
            "route_table_id": "rtb-02ed299e70ceb09ab",
            "subnet_id": "subnet-03170eef7377d3abc",
            "timeouts": null
          },
          "sensitive_attributes": [],
          "private": "eyJlMmJmYjczMC1lY2FhLTExZTYtOGY4OC0zNDM2M2JjN2M0YzAiOnsiY3JlYXRlIjozMDAwMDAwMDAwMDAsImRlbGV0ZSI6MzAwMDAwMDAwMDAwLCJ1cGRhdGUiOjEyMDAwMDAwMDAwMH19",
          "dependencies": [
            "module.company.aws_route_table.public",
            "module.company.aws_subnet.public2",
            "module.company.aws_vpc.company"
          ]
        }
      ]
    },
    {
      "module": "module.company",
      "mode": "managed",
      "type": "aws_subnet",
      "name": "private1",
      "provider": "provider[\"registry.terraform.io/hashicorp/aws\"]",
      "instances": [
        {
          "schema_version": 1,
          "attributes": {
            "arn": "arn:aws:ec2:us-east-2:917392261231:subnet/subnet-0dccf3c1b744ecef3",
            "assign_ipv6_address_on_creation": false,
            "availability_zone": "us-east-2a",
            "availability_zone_id": "use2-az1",
            "cidr_block": "10.0.3.0/24",
            "customer_owned_ipv4_pool": "",
            "enable_dns64": false,
            "enable_lni_at_device_index": 0,
            "enable_resource_name_dns_a_record_on_launch": false,
            "enable_resource_name_dns_aaaa_record_on_launch": false,
            "id": "subnet-0dccf3c1b744ecef3",
            "ipv6_cidr_block": "",
            "ipv6_cidr_block_association_id": "",
            "ipv6_native": false,
            "map_customer_owned_ip_on_launch": false,
            "map_public_ip_on_launch": false,
            "outpost_arn": "",
            "owner_id": "917392261231",
            "private_dns_hostname_type_on_launch": "ip-name",
            "tags": {
              "Name": "private1"
            },
            "tags_all": {
              "Name": "private1"
            },
            "timeouts": null,
            "vpc_id": "vpc-0048314e541dd99fc"
          },
          "sensitive_attributes": [],
          "private": "eyJlMmJmYjczMC1lY2FhLTExZTYtOGY4OC0zNDM2M2JjN2M0YzAiOnsiY3JlYXRlIjo2MDAwMDAwMDAwMDAsImRlbGV0ZSI6MTIwMDAwMDAwMDAwMH0sInNjaGVtYV92ZXJzaW9uIjoiMSJ9",
          "dependencies": [
            "module.company.aws_vpc.company"
          ]
        }
      ]
    },
    {
      "module": "module.company",
      "mode": "managed",
      "type": "aws_subnet",
      "name": "private2",
      "provider": "provider[\"registry.terraform.io/hashicorp/aws\"]",
      "instances": [
        {
          "schema_version": 1,
          "attributes": {
            "arn": "arn:aws:ec2:us-east-2:917392261231:subnet/subnet-01125b0f4310b0f4e",
            "assign_ipv6_address_on_creation": false,
            "availability_zone": "us-east-2b",
            "availability_zone_id": "use2-az2",
            "cidr_block": "10.0.4.0/24",
            "customer_owned_ipv4_pool": "",
            "enable_dns64": false,
            "enable_lni_at_device_index": 0,
            "enable_resource_name_dns_a_record_on_launch": false,
            "enable_resource_name_dns_aaaa_record_on_launch": false,
            "id": "subnet-01125b0f4310b0f4e",
            "ipv6_cidr_block": "",
            "ipv6_cidr_block_association_id": "",
            "ipv6_native": false,
            "map_customer_owned_ip_on_launch": false,
            "map_public_ip_on_launch": false,
            "outpost_arn": "",
            "owner_id": "917392261231",
            "private_dns_hostname_type_on_launch": "ip-name",
            "tags": {
              "Name": "private2"
            },
            "tags_all": {
              "Name": "private2"
            },
            "timeouts": null,
            "vpc_id": "vpc-0048314e541dd99fc"
          },
          "sensitive_attributes": [],
          "private": "eyJlMmJmYjczMC1lY2FhLTExZTYtOGY4OC0zNDM2M2JjN2M0YzAiOnsiY3JlYXRlIjo2MDAwMDAwMDAwMDAsImRlbGV0ZSI6MTIwMDAwMDAwMDAwMH0sInNjaGVtYV92ZXJzaW9uIjoiMSJ9",
          "dependencies": [
            "module.company.aws_vpc.company"
          ]
        }
      ]
    },
    {
      "module": "module.company",
      "mode": "managed",
      "type": "aws_subnet",
      "name": "public1",
      "provider": "provider[\"registry.terraform.io/hashicorp/aws\"]",
      "instances": [
        {
          "schema_version": 1,
          "attributes": {
            "arn": "arn:aws:ec2:us-east-2:917392261231:subnet/subnet-08151c7f7aaba7804",
            "assign_ipv6_address_on_creation": false,
            "availability_zone": "us-east-2a",
            "availability_zone_id": "use2-az1",
            "cidr_block": "10.0.1.0/24",
            "customer_owned_ipv4_pool": "",
            "enable_dns64": false,
            "enable_lni_at_device_index": 0,
            "enable_resource_name_dns_a_record_on_launch": false,
            "enable_resource_name_dns_aaaa_record_on_launch": false,
            "id": "subnet-08151c7f7aaba7804",
            "ipv6_cidr_block": "",
            "ipv6_cidr_block_association_id": "",
            "ipv6_native": false,
            "map_customer_owned_ip_on_launch": false,
            "map_public_ip_on_launch": true,
            "outpost_arn": "",
            "owner_id": "917392261231",
            "private_dns_hostname_type_on_launch": "ip-name",
            "tags": {
              "Name": "public1"
            },
            "tags_all": {
              "Name": "public1"
            },
            "timeouts": null,
            "vpc_id": "vpc-0048314e541dd99fc"
          },
          "sensitive_attributes": [],
          "private": "eyJlMmJmYjczMC1lY2FhLTExZTYtOGY4OC0zNDM2M2JjN2M0YzAiOnsiY3JlYXRlIjo2MDAwMDAwMDAwMDAsImRlbGV0ZSI6MTIwMDAwMDAwMDAwMH0sInNjaGVtYV92ZXJzaW9uIjoiMSJ9",
          "dependencies": [
            "module.company.aws_vpc.company"
          ]
        }
      ]
    },
    {
      "module": "module.company",
      "mode": "managed",
      "type": "aws_subnet",
      "name": "public2",
      "provider": "provider[\"registry.terraform.io/hashicorp/aws\"]",
      "instances": [
        {
          "schema_version": 1,
          "attributes": {
            "arn": "arn:aws:ec2:us-east-2:917392261231:subnet/subnet-03170eef7377d3abc",
            "assign_ipv6_address_on_creation": false,
            "availability_zone": "us-east-2b",
            "availability_zone_id": "use2-az2",
            "cidr_block": "10.0.2.0/24",
            "customer_owned_ipv4_pool": "",
            "enable_dns64": false,
            "enable_lni_at_device_index": 0,
            "enable_resource_name_dns_a_record_on_launch": false,
            "enable_resource_name_dns_aaaa_record_on_launch": false,
            "id": "subnet-03170eef7377d3abc",
            "ipv6_cidr_block": "",
            "ipv6_cidr_block_association_id": "",
            "ipv6_native": false,
            "map_customer_owned_ip_on_launch": false,
            "map_public_ip_on_launch": true,
            "outpost_arn": "",
            "owner_id": "917392261231",
            "private_dns_hostname_type_on_launch": "ip-name",
            "tags": {
              "Name": "public2"
            },
            "tags_all": {
              "Name": "public2"
            },
            "timeouts": null,
            "vpc_id": "vpc-0048314e541dd99fc"
          },
          "sensitive_attributes": [],
          "private": "eyJlMmJmYjczMC1lY2FhLTExZTYtOGY4OC0zNDM2M2JjN2M0YzAiOnsiY3JlYXRlIjo2MDAwMDAwMDAwMDAsImRlbGV0ZSI6MTIwMDAwMDAwMDAwMH0sInNjaGVtYV92ZXJzaW9uIjoiMSJ9",
          "dependencies": [
            "module.company.aws_vpc.company"
          ]
        }
      ]
    },
    {
      "module": "module.company",
      "mode": "managed",
      "type": "aws_vpc",
      "name": "company",
      "provider": "provider[\"registry.terraform.io/hashicorp/aws\"]",
      "instances": [
        {
          "schema_version": 1,
          "attributes": {
            "arn": "arn:aws:ec2:us-east-2:917392261231:vpc/vpc-0048314e541dd99fc",
            "assign_generated_ipv6_cidr_block": false,
            "cidr_block": "10.0.0.0/16",
            "default_network_acl_id": "acl-0bc122660cbd01066",
            "default_route_table_id": "rtb-0183168aceaf71d5b",
            "default_security_group_id": "sg-005d76c81950156b4",
            "dhcp_options_id": "dopt-03f9ed9357199e98e",
            "enable_classiclink": false,
            "enable_classiclink_dns_support": false,
            "enable_dns_hostnames": false,
            "enable_dns_support": true,
            "enable_network_address_usage_metrics": false,
            "id": "vpc-0048314e541dd99fc",
            "instance_tenancy": "default",
            "ipv4_ipam_pool_id": null,
            "ipv4_netmask_length": null,
            "ipv6_association_id": "",
            "ipv6_cidr_block": "",
            "ipv6_cidr_block_network_border_group": "",
            "ipv6_ipam_pool_id": "",
            "ipv6_netmask_length": 0,
            "main_route_table_id": "rtb-0183168aceaf71d5b",
            "owner_id": "917392261231",
            "tags": {
              "Name": "company"
            },
            "tags_all": {
              "Name": "company"
            }
          },
          "sensitive_attributes": [],
          "private": "eyJzY2hlbWFfdmVyc2lvbiI6IjEifQ=="
        }
      ]
    }
  ],
  "check_results": null
}
