{
  "version": 4,
  "terraform_version": "1.4.6",
  "serial": 169,
  "lineage": "82ee302c-cb02-65f9-8879-ea8ffc915bc7",
  "outputs": {
    "aws_security_group": {
      "value": "sg-03c27d463aeccfeb5",
      "type": "string"
    },
    "nat_ip": {
      "value": "18.220.129.228",
      "type": "string"
    },
    "public1_id": {
      "value": "subnet-0a1177bddb649a758",
      "type": "string"
    },
    "public2_id": {
      "value": "subnet-0e01f6e2949013750",
      "type": "string"
    }
  },
  "resources": [
    {
      "mode": "managed",
      "type": "aws_instance",
      "name": "application",
      "provider": "provider[\"registry.terraform.io/hashicorp/aws\"]",
      "instances": [
        {
          "schema_version": 1,
          "attributes": {
            "ami": "ami-08333bccc35d71140",
            "arn": "arn:aws:ec2:us-east-2:016395718196:instance/i-0f23f7bfc41ca94a7",
            "associate_public_ip_address": false,
            "availability_zone": "us-east-2a",
            "capacity_reservation_specification": [
              {
                "capacity_reservation_preference": "open",
                "capacity_reservation_target": []
              }
            ],
            "cpu_core_count": 1,
            "cpu_options": [
              {
                "amd_sev_snp": "",
                "core_count": 1,
                "threads_per_core": 1
              }
            ],
            "cpu_threads_per_core": 1,
            "credit_specification": [
              {
                "cpu_credits": "standard"
              }
            ],
            "disable_api_stop": false,
            "disable_api_termination": false,
            "ebs_block_device": [],
            "ebs_optimized": false,
            "enclave_options": [
              {
                "enabled": false
              }
            ],
            "ephemeral_block_device": [],
            "get_password_data": false,
            "hibernation": false,
            "host_id": "",
            "host_resource_group_arn": null,
            "iam_instance_profile": "",
            "id": "i-0f23f7bfc41ca94a7",
            "instance_initiated_shutdown_behavior": "stop",
            "instance_state": "running",
            "instance_type": "t2.micro",
            "ipv6_address_count": 0,
            "ipv6_addresses": [],
            "key_name": "",
            "launch_template": [],
            "maintenance_options": [
              {
                "auto_recovery": "default"
              }
            ],
            "metadata_options": [
              {
                "http_endpoint": "enabled",
                "http_put_response_hop_limit": 2,
                "http_tokens": "required",
                "instance_metadata_tags": "disabled"
              }
            ],
            "monitoring": false,
            "network_interface": [],
            "outpost_arn": "",
            "password_data": "",
            "placement_group": "",
            "placement_partition_number": 0,
            "primary_network_interface_id": "eni-001075bdad10a4081",
            "private_dns": "ip-10-0-3-91.us-east-2.compute.internal",
            "private_dns_name_options": [
              {
                "enable_resource_name_dns_a_record": false,
                "enable_resource_name_dns_aaaa_record": false,
                "hostname_type": "ip-name"
              }
            ],
            "private_ip": "10.0.3.91",
            "public_dns": "",
            "public_ip": "",
            "root_block_device": [
              {
                "delete_on_termination": true,
                "device_name": "/dev/xvda",
                "encrypted": false,
                "iops": 3000,
                "kms_key_id": "",
                "tags": null,
                "throughput": 125,
                "volume_id": "vol-0ea36c5b8f7535b1b",
                "volume_size": 8,
                "volume_type": "gp3"
              }
            ],
            "secondary_private_ips": [],
            "security_groups": [],
            "source_dest_check": true,
            "subnet_id": "subnet-0fbc7e2879e12c56a",
            "tags": {
              "Name": "company-aplication",
              "createdby": "terraform"
            },
            "tags_all": {
              "Name": "company-aplication",
              "createdby": "terraform"
            },
            "tenancy": "default",
            "timeouts": null,
            "user_data": null,
            "user_data_base64": null,
            "user_data_replace_on_change": false,
            "volume_tags": null,
            "vpc_security_group_ids": [
              "sg-03c27d463aeccfeb5"
            ]
          },
          "sensitive_attributes": [],
          "private": "==",
          "dependencies": [
            "module.company.aws_security_group.company_traffic",
            "module.company.aws_subnet.private1",
            "module.company.aws_vpc.company"
          ]
        }
      ]
    },
    {
      "mode": "managed",
      "type": "aws_instance",
      "name": "bastion",
      "provider": "provider[\"registry.terraform.io/hashicorp/aws\"]",
      "instances": [
        {
          "schema_version": 1,
          "attributes": {
            "ami": "ami-08333bccc35d71140",
            "arn": "arn:aws:ec2:us-east-2:016395718196:instance/i-0c10e4b1875dee557",
            "associate_public_ip_address": true,
            "availability_zone": "us-east-2a",
            "capacity_reservation_specification": [
              {
                "capacity_reservation_preference": "open",
                "capacity_reservation_target": []
              }
            ],
            "cpu_core_count": 1,
            "cpu_options": [
              {
                "amd_sev_snp": "",
                "core_count": 1,
                "threads_per_core": 1
              }
            ],
            "cpu_threads_per_core": 1,
            "credit_specification": [
              {
                "cpu_credits": "standard"
              }
            ],
            "disable_api_stop": false,
            "disable_api_termination": false,
            "ebs_block_device": [],
            "ebs_optimized": false,
            "enclave_options": [
              {
                "enabled": false
              }
            ],
            "ephemeral_block_device": [],
            "get_password_data": false,
            "hibernation": false,
            "host_id": "",
            "host_resource_group_arn": null,
            "iam_instance_profile": "",
            "id": "i-0c10e4b1875dee557",
            "instance_initiated_shutdown_behavior": "stop",
            "instance_state": "running",
            "instance_type": "t2.micro",
            "ipv6_address_count": 0,
            "ipv6_addresses": [],
            "key_name": "",
            "launch_template": [],
            "maintenance_options": [
              {
                "auto_recovery": "default"
              }
            ],
            "metadata_options": [
              {
                "http_endpoint": "enabled",
                "http_put_response_hop_limit": 2,
                "http_tokens": "required",
                "instance_metadata_tags": "disabled"
              }
            ],
            "monitoring": false,
            "network_interface": [],
            "outpost_arn": "",
            "password_data": "",
            "placement_group": "",
            "placement_partition_number": 0,
            "primary_network_interface_id": "eni-0bb68eb24489651ef",
            "private_dns": "ip-10-0-1-103.us-east-2.compute.internal",
            "private_dns_name_options": [
              {
                "enable_resource_name_dns_a_record": false,
                "enable_resource_name_dns_aaaa_record": false,
                "hostname_type": "ip-name"
              }
            ],
            "private_ip": "10.0.1.103",
            "public_dns": "",
            "public_ip": "3.141.3.12",
            "root_block_device": [
              {
                "delete_on_termination": true,
                "device_name": "/dev/xvda",
                "encrypted": false,
                "iops": 3000,
                "kms_key_id": "",
                "tags": null,
                "throughput": 125,
                "volume_id": "vol-0cf7d0695b0243563",
                "volume_size": 8,
                "volume_type": "gp3"
              }
            ],
            "secondary_private_ips": [],
            "security_groups": [],
            "source_dest_check": true,
            "subnet_id": "subnet-0a1177bddb649a758",
            "tags": {
              "Name": "company-bastion",
              "createdby": "terraform"
            },
            "tags_all": {
              "Name": "company-bastion",
              "createdby": "terraform"
            },
            "tenancy": "default",
            "timeouts": null,
            "user_data": null,
            "user_data_base64": null,
            "user_data_replace_on_change": false,
            "volume_tags": null,
            "vpc_security_group_ids": [
              "sg-03c27d463aeccfeb5"
            ]
          },
          "sensitive_attributes": [],
          "private": "==",
          "dependencies": [
            "module.company.aws_security_group.company_traffic",
            "module.company.aws_subnet.public1",
            "module.company.aws_vpc.company"
          ]
        }
      ]
    },
    {
      "module": "module.company",
      "mode": "managed",
      "type": "aws_eip",
      "name": "company",
      "provider": "provider[\"registry.terraform.io/hashicorp/aws\"]",
      "instances": [
        {
          "schema_version": 0,
          "attributes": {
            "address": null,
            "allocation_id": "eipalloc-00206119f74a71ca5",
            "associate_with_private_ip": null,
            "association_id": "",
            "carrier_ip": "",
            "customer_owned_ip": "",
            "customer_owned_ipv4_pool": "",
            "domain": "vpc",
            "id": "eipalloc-00206119f74a71ca5",
            "instance": "",
            "network_border_group": "us-east-2",
            "network_interface": "",
            "private_dns": null,
            "private_ip": "",
            "public_dns": "ec2-18-220-129-228.us-east-2.compute.amazonaws.com",
            "public_ip": "18.220.129.228",
            "public_ipv4_pool": "amazon",
            "tags": {
              "Name": "company"
            },
            "tags_all": {
              "Name": "company"
            },
            "timeouts": null,
            "vpc": true
          },
          "sensitive_attributes": [],
          "private": "=="
        }
      ]
    },
    {
      "module": "module.company",
      "mode": "managed",
      "type": "aws_internet_gateway",
      "name": "company",
      "provider": "provider[\"registry.terraform.io/hashicorp/aws\"]",
      "instances": [
        {
          "schema_version": 0,
          "attributes": {
            "arn": "arn:aws:ec2:us-east-2:016395718196:internet-gateway/igw-07a7b417daafc78c0",
            "id": "igw-07a7b417daafc78c0",
            "owner_id": "016395718196",
            "tags": {
              "Name": "company"
            },
            "tags_all": {
              "Name": "company"
            },
            "timeouts": null,
            "vpc_id": "vpc-000acbade35f72af7"
          },
          "sensitive_attributes": [],
          "private": "",
          "dependencies": [
            "module.company.aws_vpc.company"
          ]
        }
      ]
    },
    {
      "module": "module.company",
      "mode": "managed",
      "type": "aws_nat_gateway",
      "name": "company",
      "provider": "provider[\"registry.terraform.io/hashicorp/aws\"]",
      "instances": [
        {
          "schema_version": 0,
          "attributes": {
            "allocation_id": "eipalloc-00206119f74a71ca5",
            "association_id": "eipassoc-03e0809cdda18810f",
            "connectivity_type": "public",
            "id": "nat-00f0d147217dad35a",
            "network_interface_id": "eni-07bd92ee7db0d4a30",
            "private_ip": "10.0.1.4",
            "public_ip": "18.220.129.228",
            "subnet_id": "subnet-0a1177bddb649a758",
            "tags": null,
            "tags_all": {}
          },
          "sensitive_attributes": [],
          "private": "bnVsbA==",
          "dependencies": [
            "module.company.aws_eip.company",
            "module.company.aws_subnet.public1",
            "module.company.aws_vpc.company"
          ]
        }
      ]
    },
    {
      "module": "module.company",
      "mode": "managed",
      "type": "aws_route",
      "name": "private",
      "provider": "provider[\"registry.terraform.io/hashicorp/aws\"]",
      "instances": [
        {
          "schema_version": 0,
          "attributes": {
            "carrier_gateway_id": "",
            "core_network_arn": "",
            "destination_cidr_block": "0.0.0.0/0",
            "destination_ipv6_cidr_block": "",
            "destination_prefix_list_id": "",
            "egress_only_gateway_id": "",
            "gateway_id": "",
            "id": "r-rtb-0a97ebd4cee7bbd491080289494",
            "instance_id": "",
            "instance_owner_id": "",
            "local_gateway_id": "",
            "nat_gateway_id": "nat-00f0d147217dad35a",
            "network_interface_id": "",
            "origin": "CreateRoute",
            "route_table_id": "rtb-0a97ebd4cee7bbd49",
            "state": "active",
            "timeouts": null,
            "transit_gateway_id": "",
            "vpc_endpoint_id": "",
            "vpc_peering_connection_id": ""
          },
          "sensitive_attributes": [],
          "private": "",
          "dependencies": [
            "module.company.aws_eip.company",
            "module.company.aws_nat_gateway.company",
            "module.company.aws_route_table.private",
            "module.company.aws_subnet.public1",
            "module.company.aws_vpc.company"
          ]
        }
      ]
    },
    {
      "module": "module.company",
      "mode": "managed",
      "type": "aws_route",
      "name": "public",
      "provider": "provider[\"registry.terraform.io/hashicorp/aws\"]",
      "instances": [
        {
          "schema_version": 0,
          "attributes": {
            "carrier_gateway_id": "",
            "core_network_arn": "",
            "destination_cidr_block": "0.0.0.0/0",
            "destination_ipv6_cidr_block": "",
            "destination_prefix_list_id": "",
            "egress_only_gateway_id": "",
            "gateway_id": "igw-07a7b417daafc78c0",
            "id": "r-rtb-0260d2a0fafe28b061080289494",
            "instance_id": "",
            "instance_owner_id": "",
            "local_gateway_id": "",
            "nat_gateway_id": "",
            "network_interface_id": "",
            "origin": "CreateRoute",
            "route_table_id": "rtb-0260d2a0fafe28b06",
            "state": "active",
            "timeouts": null,
            "transit_gateway_id": "",
            "vpc_endpoint_id": "",
            "vpc_peering_connection_id": ""
          },
          "sensitive_attributes": [],
          "private": "",
          "dependencies": [
            "module.company.aws_internet_gateway.company",
            "module.company.aws_route_table.public",
            "module.company.aws_vpc.company"
          ]
        }
      ]
    },
    {
      "module": "module.company",
      "mode": "managed",
      "type": "aws_route_table",
      "name": "private",
      "provider": "provider[\"registry.terraform.io/hashicorp/aws\"]",
      "instances": [
        {
          "schema_version": 0,
          "attributes": {
            "arn": "arn:aws:ec2:us-east-2:016395718196:route-table/rtb-0a97ebd4cee7bbd49",
            "id": "rtb-0a97ebd4cee7bbd49",
            "owner_id": "016395718196",
            "propagating_vgws": [],
            "route": [],
            "tags": {
              "Name": "private"
            },
            "tags_all": {
              "Name": "private"
            },
            "timeouts": null,
            "vpc_id": "vpc-000acbade35f72af7"
          },
          "sensitive_attributes": [],
          "private": "",
          "dependencies": [
            "module.company.aws_vpc.company"
          ]
        }
      ]
    },
    {
      "module": "module.company",
      "mode": "managed",
      "type": "aws_route_table",
      "name": "public",
      "provider": "provider[\"registry.terraform.io/hashicorp/aws\"]",
      "instances": [
        {
          "schema_version": 0,
          "attributes": {
            "arn": "arn:aws:ec2:us-east-2:016395718196:route-table/rtb-0260d2a0fafe28b06",
            "id": "rtb-0260d2a0fafe28b06",
            "owner_id": "016395718196",
            "propagating_vgws": [],
            "route": [],
            "tags": {
              "Name": "public"
            },
            "tags_all": {
              "Name": "public"
            },
            "timeouts": null,
            "vpc_id": "vpc-000acbade35f72af7"
          },
          "sensitive_attributes": [],
          "private": "",
          "dependencies": [
            "module.company.aws_vpc.company"
          ]
        }
      ]
    },
    {
      "module": "module.company",
      "mode": "managed",
      "type": "aws_route_table_association",
      "name": "private2",
      "provider": "provider[\"registry.terraform.io/hashicorp/aws\"]",
      "instances": [
        {
          "schema_version": 0,
          "attributes": {
            "gateway_id": "",
            "id": "rtbassoc-0a644f1ddf0b292b9",
            "route_table_id": "rtb-0a97ebd4cee7bbd49",
            "subnet_id": "subnet-013124351b856b374",
            "timeouts": null
          },
          "sensitive_attributes": [],
          "private": "",
          "dependencies": [
            "module.company.aws_route_table.private",
            "module.company.aws_subnet.private2",
            "module.company.aws_vpc.company"
          ]
        }
      ]
    },
    {
      "module": "module.company",
      "mode": "managed",
      "type": "aws_route_table_association",
      "name": "public1",
      "provider": "provider[\"registry.terraform.io/hashicorp/aws\"]",
      "instances": [
        {
          "schema_version": 0,
          "attributes": {
            "gateway_id": "",
            "id": "rtbassoc-085519d17dc3283df",
            "route_table_id": "rtb-0260d2a0fafe28b06",
            "subnet_id": "subnet-0a1177bddb649a758",
            "timeouts": null
          },
          "sensitive_attributes": [],
          "private": "",
          "dependencies": [
            "module.company.aws_route_table.public",
            "module.company.aws_subnet.public1",
            "module.company.aws_vpc.company"
          ]
        }
      ]
    },
    {
      "module": "module.company",
      "mode": "managed",
      "type": "aws_route_table_association",
      "name": "public2",
      "provider": "provider[\"registry.terraform.io/hashicorp/aws\"]",
      "instances": [
        {
          "schema_version": 0,
          "attributes": {
            "gateway_id": "",
            "id": "rtbassoc-0fadb6739c66764c5",
            "route_table_id": "rtb-0260d2a0fafe28b06",
            "subnet_id": "subnet-0e01f6e2949013750",
            "timeouts": null
          },
          "sensitive_attributes": [],
          "private": "",
          "dependencies": [
            "module.company.aws_route_table.public",
            "module.company.aws_subnet.public2",
            "module.company.aws_vpc.company"
          ]
        }
      ]
    },
    {
      "module": "module.company",
      "mode": "managed",
      "type": "aws_security_group",
      "name": "company_traffic",
      "provider": "provider[\"registry.terraform.io/hashicorp/aws\"]",
      "instances": [
        {
          "schema_version": 1,
          "attributes": {
            "arn": "arn:aws:ec2:us-east-2:016395718196:security-group/sg-03c27d463aeccfeb5",
            "description": "Allow jenkins inbound and  outbound  traffic",
            "egress": [
              {
                "cidr_blocks": [
                  "0.0.0.0/0"
                ],
                "description": "",
                "from_port": 0,
                "ipv6_cidr_blocks": [],
                "prefix_list_ids": [],
                "protocol": "-1",
                "security_groups": [],
                "self": false,
                "to_port": 0
              }
            ],
            "id": "sg-03c27d463aeccfeb5",
            "ingress": [
              {
                "cidr_blocks": [
                  "0.0.0.0/0"
                ],
                "description": "",
                "from_port": 22,
                "ipv6_cidr_blocks": [],
                "prefix_list_ids": [],
                "protocol": "tcp",
                "security_groups": [],
                "self": false,
                "to_port": 22
              },
              {
                "cidr_blocks": [
                  "0.0.0.0/0"
                ],
                "description": "",
                "from_port": 3000,
                "ipv6_cidr_blocks": [],
                "prefix_list_ids": [],
                "protocol": "tcp",
                "security_groups": [],
                "self": false,
                "to_port": 3000
              },
              {
                "cidr_blocks": [
                  "0.0.0.0/0"
                ],
                "description": "",
                "from_port": 443,
                "ipv6_cidr_blocks": [],
                "prefix_list_ids": [],
                "protocol": "tcp",
                "security_groups": [],
                "self": false,
                "to_port": 443
              },
              {
                "cidr_blocks": [
                  "0.0.0.0/0"
                ],
                "description": "",
                "from_port": 8080,
                "ipv6_cidr_blocks": [],
                "prefix_list_ids": [],
                "protocol": "tcp",
                "security_groups": [],
                "self": false,
                "to_port": 8080
              },
              {
                "cidr_blocks": [
                  "0.0.0.0/0"
                ],
                "description": "",
                "from_port": 80,
                "ipv6_cidr_blocks": [],
                "prefix_list_ids": [],
                "protocol": "tcp",
                "security_groups": [],
                "self": false,
                "to_port": 80
              }
            ],
            "name": "company_traffic",
            "name_prefix": "",
            "owner_id": "016395718196",
            "revoke_rules_on_delete": false,
            "tags": {
              "Name": "company_SG"
            },
            "tags_all": {
              "Name": "company_SG"
            },
            "timeouts": null,
            "vpc_id": "vpc-000acbade35f72af7"
          },
          "sensitive_attributes": [],
          "private": "=",
          "dependencies": [
            "module.company.aws_vpc.company"
          ]
        }
      ]
    },
    {
      "module": "module.company",
      "mode": "managed",
      "type": "aws_subnet",
      "name": "private1",
      "provider": "provider[\"registry.terraform.io/hashicorp/aws\"]",
      "instances": [
        {
          "schema_version": 1,
          "attributes": {
            "arn": "arn:aws:ec2:us-east-2:016395718196:subnet/subnet-0fbc7e2879e12c56a",
            "assign_ipv6_address_on_creation": false,
            "availability_zone": "us-east-2a",
            "availability_zone_id": "use2-az1",
            "cidr_block": "10.0.3.0/24",
            "customer_owned_ipv4_pool": "",
            "enable_dns64": false,
            "enable_lni_at_device_index": 0,
            "enable_resource_name_dns_a_record_on_launch": false,
            "enable_resource_name_dns_aaaa_record_on_launch": false,
            "id": "subnet-0fbc7e2879e12c56a",
            "ipv6_cidr_block": "",
            "ipv6_cidr_block_association_id": "",
            "ipv6_native": false,
            "map_customer_owned_ip_on_launch": false,
            "map_public_ip_on_launch": false,
            "outpost_arn": "",
            "owner_id": "016395718196",
            "private_dns_hostname_type_on_launch": "ip-name",
            "tags": {
              "Name": "private1"
            },
            "tags_all": {
              "Name": "private1"
            },
            "timeouts": null,
            "vpc_id": "vpc-000acbade35f72af7"
          },
          "sensitive_attributes": [],
          "private": "",
          "dependencies": [
            "module.company.aws_vpc.company"
          ]
        }
      ]
    },
    {
      "module": "module.company",
      "mode": "managed",
      "type": "aws_subnet",
      "name": "private2",
      "provider": "provider[\"registry.terraform.io/hashicorp/aws\"]",
      "instances": [
        {
          "schema_version": 1,
          "attributes": {
            "arn": "arn:aws:ec2:us-east-2:016395718196:subnet/subnet-013124351b856b374",
            "assign_ipv6_address_on_creation": false,
            "availability_zone": "us-east-2b",
            "availability_zone_id": "use2-az2",
            "cidr_block": "10.0.4.0/24",
            "customer_owned_ipv4_pool": "",
            "enable_dns64": false,
            "enable_lni_at_device_index": 0,
            "enable_resource_name_dns_a_record_on_launch": false,
            "enable_resource_name_dns_aaaa_record_on_launch": false,
            "id": "subnet-013124351b856b374",
            "ipv6_cidr_block": "",
            "ipv6_cidr_block_association_id": "",
            "ipv6_native": false,
            "map_customer_owned_ip_on_launch": false,
            "map_public_ip_on_launch": false,
            "outpost_arn": "",
            "owner_id": "016395718196",
            "private_dns_hostname_type_on_launch": "ip-name",
            "tags": {
              "Name": "private2"
            },
            "tags_all": {
              "Name": "private2"
            },
            "timeouts": null,
            "vpc_id": "vpc-000acbade35f72af7"
          },
          "sensitive_attributes": [],
          "private": "",
          "dependencies": [
            "module.company.aws_vpc.company"
          ]
        }
      ]
    },
    {
      "module": "module.company",
      "mode": "managed",
      "type": "aws_subnet",
      "name": "public1",
      "provider": "provider[\"registry.terraform.io/hashicorp/aws\"]",
      "instances": [
        {
          "schema_version": 1,
          "attributes": {
            "arn": "arn:aws:ec2:us-east-2:016395718196:subnet/subnet-0a1177bddb649a758",
            "assign_ipv6_address_on_creation": false,
            "availability_zone": "us-east-2a",
            "availability_zone_id": "use2-az1",
            "cidr_block": "10.0.1.0/24",
            "customer_owned_ipv4_pool": "",
            "enable_dns64": false,
            "enable_lni_at_device_index": 0,
            "enable_resource_name_dns_a_record_on_launch": false,
            "enable_resource_name_dns_aaaa_record_on_launch": false,
            "id": "subnet-0a1177bddb649a758",
            "ipv6_cidr_block": "",
            "ipv6_cidr_block_association_id": "",
            "ipv6_native": false,
            "map_customer_owned_ip_on_launch": false,
            "map_public_ip_on_launch": true,
            "outpost_arn": "",
            "owner_id": "016395718196",
            "private_dns_hostname_type_on_launch": "ip-name",
            "tags": {
              "Name": "public1"
            },
            "tags_all": {
              "Name": "public1"
            },
            "timeouts": null,
            "vpc_id": "vpc-000acbade35f72af7"
          },
          "sensitive_attributes": [],
          "private": "",
          "dependencies": [
            "module.company.aws_vpc.company"
          ]
        }
      ]
    },
    {
      "module": "module.company",
      "mode": "managed",
      "type": "aws_subnet",
      "name": "public2",
      "provider": "provider[\"registry.terraform.io/hashicorp/aws\"]",
      "instances": [
        {
          "schema_version": 1,
          "attributes": {
            "arn": "arn:aws:ec2:us-east-2:016395718196:subnet/subnet-0e01f6e2949013750",
            "assign_ipv6_address_on_creation": false,
            "availability_zone": "us-east-2b",
            "availability_zone_id": "use2-az2",
            "cidr_block": "10.0.2.0/24",
            "customer_owned_ipv4_pool": "",
            "enable_dns64": false,
            "enable_lni_at_device_index": 0,
            "enable_resource_name_dns_a_record_on_launch": false,
            "enable_resource_name_dns_aaaa_record_on_launch": false,
            "id": "subnet-0e01f6e2949013750",
            "ipv6_cidr_block": "",
            "ipv6_cidr_block_association_id": "",
            "ipv6_native": false,
            "map_customer_owned_ip_on_launch": false,
            "map_public_ip_on_launch": true,
            "outpost_arn": "",
            "owner_id": "016395718196",
            "private_dns_hostname_type_on_launch": "ip-name",
            "tags": {
              "Name": "public2"
            },
            "tags_all": {
              "Name": "public2"
            },
            "timeouts": null,
            "vpc_id": "vpc-000acbade35f72af7"
          },
          "sensitive_attributes": [],
          "private": "",
          "dependencies": [
            "module.company.aws_vpc.company"
          ]
        }
      ]
    },
    {
      "module": "module.company",
      "mode": "managed",
      "type": "aws_vpc",
      "name": "company",
      "provider": "provider[\"registry.terraform.io/hashicorp/aws\"]",
      "instances": [
        {
          "schema_version": 1,
          "attributes": {
            "arn": "arn:aws:ec2:us-east-2:016395718196:vpc/vpc-000acbade35f72af7",
            "assign_generated_ipv6_cidr_block": false,
            "cidr_block": "10.0.0.0/16",
            "default_network_acl_id": "acl-092776ac5b6ebcf16",
            "default_route_table_id": "rtb-0f5db20456cea73af",
            "default_security_group_id": "sg-07956c82da7652be1",
            "dhcp_options_id": "dopt-02d95640cdd9c32cc",
            "enable_classiclink": false,
            "enable_classiclink_dns_support": false,
            "enable_dns_hostnames": false,
            "enable_dns_support": true,
            "enable_network_address_usage_metrics": false,
            "id": "vpc-000acbade35f72af7",
            "instance_tenancy": "default",
            "ipv4_ipam_pool_id": null,
            "ipv4_netmask_length": null,
            "ipv6_association_id": "",
            "ipv6_cidr_block": "",
            "ipv6_cidr_block_network_border_group": "",
            "ipv6_ipam_pool_id": "",
            "ipv6_netmask_length": 0,
            "main_route_table_id": "rtb-0f5db20456cea73af",
            "owner_id": "016395718196",
            "tags": {
              "Name": "company"
            },
            "tags_all": {
              "Name": "company"
            }
          },
          "sensitive_attributes": [],
          "private": "=="
        }
      ]
    }
  ],
  "check_results": null
}
